
Microsoft Visual Studio Solution File, Format Version 12.00
# Visual Studio Version 18
VisualStudioVersion = 18.0.11205.157 d18.0
MinimumVisualStudioVersion = 10.0.40219.1
Project("{FAE04EC0-301F-11D3-BF4B-00C04F79EFBC}") = "Day1-HistorianHysteria", "Day1-HistorianHysteria\Day1-HistorianHysteria.csproj", "{805E3FE5-71FD-4F99-B7DE-15C3C1C8E970}"
EndProject
Project("{FAE04EC0-301F-11D3-BF4B-00C04F79EFBC}") = "Day2-RedNosedReports", "Day2-RedNosedReports\Day2-RedNosedReports.csproj", "{5FBD06DB-F4F2-4F1C-98E1-7CD199529EB4}"
EndProject
Global
	GlobalSection(SolutionConfigurationPlatforms) = preSolution
		Debug|Any CPU = Debug|Any CPU
		Release|Any CPU = Release|Any CPU
	EndGlobalSection
	GlobalSection(ProjectConfigurationPlatforms) = postSolution
		{805E3FE5-71FD-4F99-B7DE-15C3C1C8E970}.Debug|Any CPU.ActiveCfg = Debug|Any CPU
		{805E3FE5-71FD-4F99-B7DE-15C3C1C8E970}.Debug|Any CPU.Build.0 = Debug|Any CPU
		{805E3FE5-71FD-4F99-B7DE-15C3C1C8E970}.Release|Any CPU.ActiveCfg = Release|Any CPU
		{805E3FE5-71FD-4F99-B7DE-15C3C1C8E970}.Release|Any CPU.Build.0 = Release|Any CPU
		{5FBD06DB-F4F2-4F1C-98E1-7CD199529EB4}.Debug|Any CPU.ActiveCfg = Debug|Any CPU
		{5FBD06DB-F4F2-4F1C-98E1-7CD199529EB4}.Debug|Any CPU.Build.0 = Debug|Any CPU
		{5FBD06DB-F4F2-4F1C-98E1-7CD199529EB4}.Release|Any CPU.ActiveCfg = Release|Any CPU
		{5FBD06DB-F4F2-4F1C-98E1-7CD199529EB4}.Release|Any CPU.Build.0 = Release|Any CPU
	EndGlobalSection
	GlobalSection(SolutionProperties) = preSolution
		HideSolutionNode = FALSE
	EndGlobalSection
	GlobalSection(ExtensibilityGlobals) = postSolution
		SolutionGuid = {95D5EB80-F63E-4D06-A4D1-C6C24D78FD5B}
	EndGlobalSection
EndGlobal
